// !$*UTF8*$!
{
	archiveVersion = 1;
	classes = {
	};
	objectVersion = 50;
	objects = {

/* Begin PBXBuildFile section */
		CA8AC84F2443FFF200868F8C /* AppDelegate.swift in Sources */ = {isa = PBXBuildFile; fileRef = CA8AC84E2443FFF200868F8C /* AppDelegate.swift */; };
		CA8AC8512443FFF200868F8C /* SceneDelegate.swift in Sources */ = {isa = PBXBuildFile; fileRef = CA8AC8502443FFF200868F8C /* SceneDelegate.swift */; };
		CA8AC8532443FFF200868F8C /* ViewController.swift in Sources */ = {isa = PBXBuildFile; fileRef = CA8AC8522443FFF200868F8C /* ViewController.swift */; };
		CA8AC8562443FFF200868F8C /* Main.storyboard in Resources */ = {isa = PBXBuildFile; fileRef = CA8AC8542443FFF200868F8C /* Main.storyboard */; };
		CA8AC8582443FFF600868F8C /* Assets.xcassets in Resources */ = {isa = PBXBuildFile; fileRef = CA8AC8572443FFF600868F8C /* Assets.xcassets */; };
		CA8AC85B2443FFF600868F8C /* LaunchScreen.storyboard in Resources */ = {isa = PBXBuildFile; fileRef = CA8AC8592443FFF600868F8C /* LaunchScreen.storyboard */; };
		CA8AC8662443FFF600868F8C /* TipCalculatorTests.swift in Sources */ = {isa = PBXBuildFile; fileRef = CA8AC8652443FFF600868F8C /* TipCalculatorTests.swift */; };
		CA8AC8712443FFF600868F8C /* TipCalculatorUITests.swift in Sources */ = {isa = PBXBuildFile; fileRef = CA8AC8702443FFF600868F8C /* TipCalculatorUITests.swift */; };
/* End PBXBuildFile section */

/* Begin PBXContainerItemProxy section */
		CA8AC8622443FFF600868F8C /* PBXContainerItemProxy */ = {
			isa = PBXContainerItemProxy;
			containerPortal = CA8AC8432443FFF100868F8C /* Project object */;
			proxyType = 1;
			remoteGlobalIDString = CA8AC84A2443FFF200868F8C;
			remoteInfo = TipCalculator;
		};
		CA8AC86D2443FFF600868F8C /* PBXContainerItemProxy */ = {
			isa = PBXContainerItemProxy;
			containerPortal = CA8AC8432443FFF100868F8C /* Project object */;
			proxyType = 1;
			remoteGlobalIDString = CA8AC84A2443FFF200868F8C;
			remoteInfo = TipCalculator;
		};
/* End PBXContainerItemProxy section */

/* Begin PBXFileReference section */
		CA8AC84B2443FFF200868F8C /* TipCalculator.app */ = {isa = PBXFileReference; explicitFileType = wrapper.application; includeInIndex = 0; path = TipCalculator.app; sourceTree = BUILT_PRODUCTS_DIR; };
		CA8AC84E2443FFF200868F8C /* AppDelegate.swift */ = {isa = PBXFileReference; lastKnownFileType = sourcecode.swift; path = AppDelegate.swift; sourceTree = "<group>"; };
		CA8AC8502443FFF200868F8C /* SceneDelegate.swift */ = {isa = PBXFileReference; lastKnownFileType = sourcecode.swift; path = SceneDelegate.swift; sourceTree = "<group>"; };
		CA8AC8522443FFF200868F8C /* ViewController.swift */ = {isa = PBXFileReference; lastKnownFileType = sourcecode.swift; path = ViewController.swift; sourceTree = "<group>"; };
		CA8AC8552443FFF200868F8C /* Base */ = {isa = PBXFileReference; lastKnownFileType = file.storyboard; name = Base; path = Base.lproj/Main.storyboard; sourceTree = "<group>"; };
		CA8AC8572443FFF600868F8C /* Assets.xcassets */ = {isa = PBXFileReference; lastKnownFileType = folder.assetcatalog; path = Assets.xcassets; sourceTree = "<group>"; };
		CA8AC85A2443FFF600868F8C /* Base */ = {isa = PBXFileReference; lastKnownFileType = file.storyboard; name = Base; path = Base.lproj/LaunchScreen.storyboard; sourceTree = "<group>"; };
		CA8AC85C2443FFF600868F8C /* Info.plist */ = {isa = PBXFileReference; lastKnownFileType = text.plist.xml; path = Info.plist; sourceTree = "<group>"; };
		CA8AC8612443FFF600868F8C /* TipCalculatorTests.xctest */ = {isa = PBXFileReference; explicitFileType = wrapper.cfbundle; includeInIndex = 0; path = TipCalculatorTests.xctest; sourceTree = BUILT_PRODUCTS_DIR; };
		CA8AC8652443FFF600868F8C /* TipCalculatorTests.swift */ = {isa = PBXFileReference; lastKnownFileType = sourcecode.swift; path = TipCalculatorTests.swift; sourceTree = "<group>"; };
		CA8AC8672443FFF600868F8C /* Info.plist */ = {isa = PBXFileReference; lastKnownFileType = text.plist.xml; path = Info.plist; sourceTree = "<group>"; };
		CA8AC86C2443FFF600868F8C /* TipCalculatorUITests.xctest */ = {isa = PBXFileReference; explicitFileType = wrapper.cfbundle; includeInIndex = 0; path = TipCalculatorUITests.xctest; sourceTree = BUILT_PRODUCTS_DIR; };
		CA8AC8702443FFF600868F8C /* TipCalculatorUITests.swift */ = {isa = PBXFileReference; lastKnownFileType = sourcecode.swift; path = TipCalculatorUITests.swift; sourceTree = "<group>"; };
		CA8AC8722443FFF600868F8C /* Info.plist */ = {isa = PBXFileReference; lastKnownFileType = text.plist.xml; path = Info.plist; sourceTree = "<group>"; };
/* End PBXFileReference section */

/* Begin PBXFrameworksBuildPhase section */
		CA8AC8482443FFF200868F8C /* Frameworks */ = {
			isa = PBXFrameworksBuildPhase;
			buildActionMask = 2147483647;
			files = (
			);
			runOnlyForDeploymentPostprocessing = 0;
		};
		CA8AC85E2443FFF600868F8C /* Frameworks */ = {
			isa = PBXFrameworksBuildPhase;
			buildActionMask = 2147483647;
			files = (
			);
			runOnlyForDeploymentPostprocessing = 0;
		};
		CA8AC8692443FFF600868F8C /* Frameworks */ = {
			isa = PBXFrameworksBuildPhase;
			buildActionMask = 2147483647;
			files = (
			);
			runOnlyForDeploymentPostprocessing = 0;
		};
/* End PBXFrameworksBuildPhase section */

/* Begin PBXGroup section */
		CA8AC8422443FFF100868F8C = {
			isa = PBXGroup;
			children = (
				CA8AC84D2443FFF200868F8C /* TipCalculator */,
				CA8AC8642443FFF600868F8C /* TipCalculatorTests */,
				CA8AC86F2443FFF600868F8C /* TipCalculatorUITests */,
				CA8AC84C2443FFF200868F8C /* Products */,
			);
			sourceTree = "<group>";
		};
		CA8AC84C2443FFF200868F8C /* Products */ = {
			isa = PBXGroup;
			children = (
				CA8AC84B2443FFF200868F8C /* TipCalculator.app */,
				CA8AC8612443FFF600868F8C /* TipCalculatorTests.xctest */,
				CA8AC86C2443FFF600868F8C /* TipCalculatorUITests.xctest */,
			);
			name = Products;
			sourceTree = "<group>";
		};
		CA8AC84D2443FFF200868F8C /* TipCalculator */ = {
			isa = PBXGroup;
			children = (
				CA8AC84E2443FFF200868F8C /* AppDelegate.swift */,
				CA8AC8502443FFF200868F8C /* SceneDelegate.swift */,
				CA8AC8522443FFF200868F8C /* ViewController.swift */,
				CA8AC8542443FFF200868F8C /* Main.storyboard */,
				CA8AC8572443FFF600868F8C /* Assets.xcassets */,
				CA8AC8592443FFF600868F8C /* LaunchScreen.storyboard */,
				CA8AC85C2443FFF600868F8C /* Info.plist */,
			);
			path = TipCalculator;
			sourceTree = "<group>";
		};
		CA8AC8642443FFF600868F8C /* TipCalculatorTests */ = {
			isa = PBXGroup;
			children = (
				CA8AC8652443FFF600868F8C /* TipCalculatorTests.swift */,
				CA8AC8672443FFF600868F8C /* Info.plist */,
			);
			path = TipCalculatorTests;
			sourceTree = "<group>";
		};
		CA8AC86F2443FFF600868F8C /* TipCalculatorUITests */ = {
			isa = PBXGroup;
			children = (
				CA8AC8702443FFF600868F8C /* TipCalculatorUITests.swift */,
				CA8AC8722443FFF600868F8C /* Info.plist */,
			);
			path = TipCalculatorUITests;
			sourceTree = "<group>";
		};
/* End PBXGroup section */

/* Begin PBXNativeTarget section */
		CA8AC84A2443FFF200868F8C /* TipCalculator */ = {
			isa = PBXNativeTarget;
			buildConfigurationList = CA8AC8752443FFF600868F8C /* Build configuration list for PBXNativeTarget "TipCalculator" */;
			buildPhases = (
				CA8AC8472443FFF200868F8C /* Sources */,
				CA8AC8482443FFF200868F8C /* Frameworks */,
				CA8AC8492443FFF200868F8C /* Resources */,
			);
			buildRules = (
			);
			dependencies = (
			);
			name = TipCalculator;
			productName = TipCalculator;
			productReference = CA8AC84B2443FFF200868F8C /* TipCalculator.app */;
			productType = "com.apple.product-type.application";
		};
		CA8AC8602443FFF600868F8C /* TipCalculatorTests */ = {
			isa = PBXNativeTarget;
			buildConfigurationList = CA8AC8782443FFF600868F8C /* Build configuration list for PBXNativeTarget "TipCalculatorTests" */;
			buildPhases = (
				CA8AC85D2443FFF600868F8C /* Sources */,
				CA8AC85E2443FFF600868F8C /* Frameworks */,
				CA8AC85F2443FFF600868F8C /* Resources */,
			);
			buildRules = (
			);
			dependencies = (
				CA8AC8632443FFF600868F8C /* PBXTargetDependency */,
			);
			name = TipCalculatorTests;
			productName = TipCalculatorTests;
			productReference = CA8AC8612443FFF600868F8C /* TipCalculatorTests.xctest */;
			productType = "com.apple.product-type.bundle.unit-test";
		};
		CA8AC86B2443FFF600868F8C /* TipCalculatorUITests */ = {
			isa = PBXNativeTarget;
			buildConfigurationList = CA8AC87B2443FFF600868F8C /* Build configuration list for PBXNativeTarget "TipCalculatorUITests" */;
			buildPhases = (
				CA8AC8682443FFF600868F8C /* Sources */,
				CA8AC8692443FFF600868F8C /* Frameworks */,
				CA8AC86A2443FFF600868F8C /* Resources */,
			);
			buildRules = (
			);
			dependencies = (
				CA8AC86E2443FFF600868F8C /* PBXTargetDependency */,
			);
			name = TipCalculatorUITests;
			productName = TipCalculatorUITests;
			productReference = CA8AC86C2443FFF600868F8C /* TipCalculatorUITests.xctest */;
			productType = "com.apple.product-type.bundle.ui-testing";
		};
/* End PBXNativeTarget section */

/* Begin PBXProject section */
		CA8AC8432443FFF100868F8C /* Project object */ = {
			isa = PBXProject;
			attributes = {
				LastSwiftUpdateCheck = 1140;
				LastUpgradeCheck = 1140;
				ORGANIZATIONNAME = ivygdy;
				TargetAttributes = {
					CA8AC84A2443FFF200868F8C = {
						CreatedOnToolsVersion = 11.4;
					};
					CA8AC8602443FFF600868F8C = {
						CreatedOnToolsVersion = 11.4;
						TestTargetID = CA8AC84A2443FFF200868F8C;
					};
					CA8AC86B2443FFF600868F8C = {
						CreatedOnToolsVersion = 11.4;
						TestTargetID = CA8AC84A2443FFF200868F8C;
					};
				};
			};
			buildConfigurationList = CA8AC8462443FFF100868F8C /* Build configuration list for PBXProject "TipCalculator" */;
			compatibilityVersion = "Xcode 9.3";
			developmentRegion = en;
			hasScannedForEncodings = 0;
			knownRegions = (
				en,
				Base,
			);
			mainGroup = CA8AC8422443FFF100868F8C;
			productRefGroup = CA8AC84C2443FFF200868F8C /* Products */;
			projectDirPath = "";
			projectRoot = "";
			targets = (
				CA8AC84A2443FFF200868F8C /* TipCalculator */,
				CA8AC8602443FFF600868F8C /* TipCalculatorTests */,
				CA8AC86B2443FFF600868F8C /* TipCalculatorUITests */,
			);
		};
/* End PBXProject section */

/* Begin PBXResourcesBuildPhase section */
		CA8AC8492443FFF200868F8C /* Resources */ = {
			isa = PBXResourcesBuildPhase;
			buildActionMask = 2147483647;
			files = (
				CA8AC85B2443FFF600868F8C /* LaunchScreen.storyboard in Resources */,
				CA8AC8582443FFF600868F8C /* Assets.xcassets in Resources */,
				CA8AC8562443FFF200868F8C /* Main.storyboard in Resources */,
			);
			runOnlyForDeploymentPostprocessing = 0;
		};
		CA8AC85F2443FFF600868F8C /* Resources */ = {
			isa = PBXResourcesBuildPhase;
			buildActionMask = 2147483647;
			files = (
			);
			runOnlyForDeploymentPostprocessing = 0;
		};
		CA8AC86A2443FFF600868F8C /* Resources */ = {
			isa = PBXResourcesBuildPhase;
			buildActionMask = 2147483647;
			files = (
			);
			runOnlyForDeploymentPostprocessing = 0;
		};
/* End PBXResourcesBuildPhase section */

/* Begin PBXSourcesBuildPhase section */
		CA8AC8472443FFF200868F8C /* Sources */ = {
			isa = PBXSourcesBuildPhase;
			buildActionMask = 2147483647;
			files = (
				CA8AC8532443FFF200868F8C /* ViewController.swift in Sources */,
				CA8AC84F2443FFF200868F8C /* AppDelegate.swift in Sources */,
				CA8AC8512443FFF200868F8C /* SceneDelegate.swift in Sources */,
			);
			runOnlyForDeploymentPostprocessing = 0;
		};
		CA8AC85D2443FFF600868F8C /* Sources */ = {
			isa = PBXSourcesBuildPhase;
			buildActionMask = 2147483647;
			files = (
				CA8AC8662443FFF600868F8C /* TipCalculatorTests.swift in Sources */,
			);
			runOnlyForDeploymentPostprocessing = 0;
		};
		CA8AC8682443FFF600868F8C /* Sources */ = {
			isa = PBXSourcesBuildPhase;
			buildActionMask = 2147483647;
			files = (
				CA8AC8712443FFF600868F8C /* TipCalculatorUITests.swift in Sources */,
			);
			runOnlyForDeploymentPostprocessing = 0;
		};
/* End PBXSourcesBuildPhase section */

/* Begin PBXTargetDependency section */
		CA8AC8632443FFF600868F8C /* PBXTargetDependency */ = {
			isa = PBXTargetDependency;
			target = CA8AC84A2443FFF200868F8C /* TipCalculator */;
			targetProxy = CA8AC8622443FFF600868F8C /* PBXContainerItemProxy */;
		};
		CA8AC86E2443FFF600868F8C /* PBXTargetDependency */ = {
			isa = PBXTargetDependency;
			target = CA8AC84A2443FFF200868F8C /* TipCalculator */;
			targetProxy = CA8AC86D2443FFF600868F8C /* PBXContainerItemProxy */;
		};
/* End PBXTargetDependency section */

/* Begin PBXVariantGroup section */
		CA8AC8542443FFF200868F8C /* Main.storyboard */ = {
			isa = PBXVariantGroup;
			children = (
				CA8AC8552443FFF200868F8C /* Base */,
			);
			name = Main.storyboard;
			sourceTree = "<group>";
		};
		CA8AC8592443FFF600868F8C /* LaunchScreen.storyboard */ = {
			isa = PBXVariantGroup;
			children = (
				CA8AC85A2443FFF600868F8C /* Base */,
			);
			name = LaunchScreen.storyboard;
			sourceTree = "<group>";
		};
/* End PBXVariantGroup section */

/* Begin XCBuildConfiguration section */
		CA8AC8732443FFF600868F8C /* Debug */ = {
			isa = XCBuildConfiguration;
			buildSettings = {
				ALWAYS_SEARCH_USER_PATHS = NO;
				CLANG_ANALYZER_NONNULL = YES;
				CLANG_ANALYZER_NUMBER_OBJECT_CONVERSION = YES_AGGRESSIVE;
				CLANG_CXX_LANGUAGE_STANDARD = "gnu++14";
				CLANG_CXX_LIBRARY = "libc++";
				CLANG_ENABLE_MODULES = YES;
				CLANG_ENABLE_OBJC_ARC = YES;
				CLANG_ENABLE_OBJC_WEAK = YES;
				CLANG_WARN_BLOCK_CAPTURE_AUTORELEASING = YES;
				CLANG_WARN_BOOL_CONVERSION = YES;
				CLANG_WARN_COMMA = YES;
				CLANG_WARN_CONSTANT_CONVERSION = YES;
				CLANG_WARN_DEPRECATED_OBJC_IMPLEMENTATIONS = YES;
				CLANG_WARN_DIRECT_OBJC_ISA_USAGE = YES_ERROR;
				CLANG_WARN_DOCUMENTATION_COMMENTS = YES;
				CLANG_WARN_EMPTY_BODY = YES;
				CLANG_WARN_ENUM_CONVERSION = YES;
				CLANG_WARN_INFINITE_RECURSION = YES;
				CLANG_WARN_INT_CONVERSION = YES;
				CLANG_WARN_NON_LITERAL_NULL_CONVERSION = YES;
				CLANG_WARN_OBJC_IMPLICIT_RETAIN_SELF = YES;
				CLANG_WARN_OBJC_LITERAL_CONVERSION = YES;
				CLANG_WARN_OBJC_ROOT_CLASS = YES_ERROR;
				CLANG_WARN_RANGE_LOOP_ANALYSIS = YES;
				CLANG_WARN_STRICT_PROTOTYPES = YES;
				CLANG_WARN_SUSPICIOUS_MOVE = YES;
				CLANG_WARN_UNGUARDED_AVAILABILITY = YES_AGGRESSIVE;
				CLANG_WARN_UNREACHABLE_CODE = YES;
				CLANG_WARN__DUPLICATE_METHOD_MATCH = YES;
				COPY_PHASE_STRIP = NO;
				DEBUG_INFORMATION_FORMAT = dwarf;
				ENABLE_STRICT_OBJC_MSGSEND = YES;
				ENABLE_TESTABILITY = YES;
				GCC_C_LANGUAGE_STANDARD = gnu11;
				GCC_DYNAMIC_NO_PIC = NO;
				GCC_NO_COMMON_BLOCKS = YES;
				GCC_OPTIMIZATION_LEVEL = 0;
				GCC_PREPROCESSOR_DEFINITIONS = (
					"DEBUG=1",
					"$(inherited)",
				);
				GCC_WARN_64_TO_32_BIT_CONVERSION = YES;
				GCC_WARN_ABOUT_RETURN_TYPE = YES_ERROR;
				GCC_WARN_UNDECLARED_SELECTOR = YES;
				GCC_WARN_UNINITIALIZED_AUTOS = YES_AGGRESSIVE;
				GCC_WARN_UNUSED_FUNCTION = YES;
				GCC_WARN_UNUSED_VARIABLE = YES;
				IPHONEOS_DEPLOYMENT_TARGET = 13.4;
				MTL_ENABLE_DEBUG_INFO = INCLUDE_SOURCE;
				MTL_FAST_MATH = YES;
				ONLY_ACTIVE_ARCH = YES;
				SDKROOT = iphoneos;
				SWIFT_ACTIVE_COMPILATION_CONDITIONS = DEBUG;
				SWIFT_OPTIMIZATION_LEVEL = "-Onone";
			};
			name = Debug;
		};
		CA8AC8742443FFF600868F8C /* Release */ = {
			isa = XCBuildConfiguration;
			buildSettings = {
				ALWAYS_SEARCH_USER_PATHS = NO;
				CLANG_ANALYZER_NONNULL = YES;
				CLANG_ANALYZER_NUMBER_OBJECT_CONVERSION = YES_AGGRESSIVE;
				CLANG_CXX_LANGUAGE_STANDARD = "gnu++14";
				CLANG_CXX_LIBRARY = "libc++";
				CLANG_ENABLE_MODULES = YES;
				CLANG_ENABLE_OBJC_ARC = YES;
				CLANG_ENABLE_OBJC_WEAK = YES;
				CLANG_WARN_BLOCK_CAPTURE_AUTORELEASING = YES;
				CLANG_WARN_BOOL_CONVERSION = YES;
				CLANG_WARN_COMMA = YES;
				CLANG_WARN_CONSTANT_CONVERSION = YES;
				CLANG_WARN_DEPRECATED_OBJC_IMPLEMENTATIONS = YES;
				CLANG_WARN_DIRECT_OBJC_ISA_USAGE = YES_ERROR;
				CLANG_WARN_DOCUMENTATION_COMMENTS = YES;
				CLANG_WARN_EMPTY_BODY = YES;
				CLANG_WARN_ENUM_CONVERSION = YES;
				CLANG_WARN_INFINITE_RECURSION = YES;
				CLANG_WARN_INT_CONVERSION = YES;
				CLANG_WARN_NON_LITERAL_NULL_CONVERSION = YES;
				CLANG_WARN_OBJC_IMPLICIT_RETAIN_SELF = YES;
				CLANG_WARN_OBJC_LITERAL_CONVERSION = YES;
				CLANG_WARN_OBJC_ROOT_CLASS = YES_ERROR;
				CLANG_WARN_RANGE_LOOP_ANALYSIS = YES;
				CLANG_WARN_STRICT_PROTOTYPES = YES;
				CLANG_WARN_SUSPICIOUS_MOVE = YES;
				CLANG_WARN_UNGUARDED_AVAILABILITY = YES_AGGRESSIVE;
				CLANG_WARN_UNREACHABLE_CODE = YES;
				CLANG_WARN__DUPLICATE_METHOD_MATCH = YES;
				COPY_PHASE_STRIP = NO;
				DEBUG_INFORMATION_FORMAT = "dwarf-with-dsym";
				ENABLE_NS_ASSERTIONS = NO;
				ENABLE_STRICT_OBJC_MSGSEND = YES;
				GCC_C_LANGUAGE_STANDARD = gnu11;
				GCC_NO_COMMON_BLOCKS = YES;
				GCC_WARN_64_TO_32_BIT_CONVERSION = YES;
				GCC_WARN_ABOUT_RETURN_TYPE = YES_ERROR;
				GCC_WARN_UNDECLARED_SELECTOR = YES;
				GCC_WARN_UNINITIALIZED_AUTOS = YES_AGGRESSIVE;
				GCC_WARN_UNUSED_FUNCTION = YES;
				GCC_WARN_UNUSED_VARIABLE = YES;
				IPHONEOS_DEPLOYMENT_TARGET = 13.4;
				MTL_ENABLE_DEBUG_INFO = NO;
				MTL_FAST_MATH = YES;
				SDKROOT = iphoneos;
				SWIFT_COMPILATION_MODE = wholemodule;
				SWIFT_OPTIMIZATION_LEVEL = "-O";
				VALIDATE_PRODUCT = YES;
			};
			name = Release;
		};
		CA8AC8762443FFF600868F8C /* Debug */ = {
			isa = XCBuildConfiguration;
			buildSettings = {
				ASSETCATALOG_COMPILER_APPICON_NAME = AppIcon;
				CODE_SIGN_STYLE = Automatic;
				INFOPLIST_FILE = TipCalculator/Info.plist;
				LD_RUNPATH_SEARCH_PATHS = (
					"$(inherited)",
					"@executable_path/Frameworks",
				);
				PRODUCT_BUNDLE_IDENTIFIER = "ivygdy-gmail.com.TipCalculator";
				PRODUCT_NAME = "$(TARGET_NAME)";
				SWIFT_VERSION = 5.0;
				TARGETED_DEVICE_FAMILY = "1,2";
			};
			name = Debug;
		};
		CA8AC8772443FFF600868F8C /* Release */ = {
			isa = XCBuildConfiguration;
			buildSettings = {
				ASSETCATALOG_COMPILER_APPICON_NAME = AppIcon;
				CODE_SIGN_STYLE = Automatic;
				INFOPLIST_FILE = TipCalculator/Info.plist;
				LD_RUNPATH_SEARCH_PATHS = (
					"$(inherited)",
					"@executable_path/Frameworks",
				);
				PRODUCT_BUNDLE_IDENTIFIER = "ivygdy-gmail.com.TipCalculator";
				PRODUCT_NAME = "$(TARGET_NAME)";
				SWIFT_VERSION = 5.0;
				TARGETED_DEVICE_FAMILY = "1,2";
			};
			name = Release;
		};
		CA8AC8792443FFF600868F8C /* Debug */ = {
			isa = XCBuildConfiguration;
			buildSettings = {
				ALWAYS_EMBED_SWIFT_STANDARD_LIBRARIES = YES;
				BUNDLE_LOADER = "$(TEST_HOST)";
				CODE_SIGN_STYLE = Automatic;
				INFOPLIST_FILE = TipCalculatorTests/Info.plist;
				IPHONEOS_DEPLOYMENT_TARGET = 13.4;
				LD_RUNPATH_SEARCH_PATHS = (
					"$(inherited)",
					"@executable_path/Frameworks",
					"@loader_path/Frameworks",
				);
				PRODUCT_BUNDLE_IDENTIFIER = "ivygdy-gmail.com.TipCalculatorTests";
				PRODUCT_NAME = "$(TARGET_NAME)";
				SWIFT_VERSION = 5.0;
				TARGETED_DEVICE_FAMILY = "1,2";
				TEST_HOST = "$(BUILT_PRODUCTS_DIR)/TipCalculator.app/TipCalculator";
			};
			name = Debug;
		};
		CA8AC87A2443FFF600868F8C /* Release */ = {
			isa = XCBuildConfiguration;
			buildSettings = {
				ALWAYS_EMBED_SWIFT_STANDARD_LIBRARIES = YES;
				BUNDLE_LOADER = "$(TEST_HOST)";
				CODE_SIGN_STYLE = Automatic;
				INFOPLIST_FILE = TipCalculatorTests/Info.plist;
				IPHONEOS_DEPLOYMENT_TARGET = 13.4;
				LD_RUNPATH_SEARCH_PATHS = (
					"$(inherited)",
					"@executable_path/Frameworks",
					"@loader_path/Frameworks",
				);
				PRODUCT_BUNDLE_IDENTIFIER = "ivygdy-gmail.com.TipCalculatorTests";
				PRODUCT_NAME = "$(TARGET_NAME)";
				SWIFT_VERSION = 5.0;
				TARGETED_DEVICE_FAMILY = "1,2";
				TEST_HOST = "$(BUILT_PRODUCTS_DIR)/TipCalculator.app/TipCalculator";
			};
			name = Release;
		};
		CA8AC87C2443FFF600868F8C /* Debug */ = {
			isa = XCBuildConfiguration;
			buildSettings = {
				ALWAYS_EMBED_SWIFT_STANDARD_LIBRARIES = YES;
				CODE_SIGN_STYLE = Automatic;
				INFOPLIST_FILE = TipCalculatorUITests/Info.plist;
				LD_RUNPATH_SEARCH_PATHS = (
					"$(inherited)",
					"@executable_path/Frameworks",
					"@loader_path/Frameworks",
				);
				PRODUCT_BUNDLE_IDENTIFIER = "ivygdy-gmail.com.TipCalculatorUITests";
				PRODUCT_NAME = "$(TARGET_NAME)";
				SWIFT_VERSION = 5.0;
				TARGETED_DEVICE_FAMILY = "1,2";
				TEST_TARGET_NAME = TipCalculator;
			};
			name = Debug;
		};
		CA8AC87D2443FFF600868F8C /* Release */ = {
			isa = XCBuildConfiguration;
			buildSettings = {
				ALWAYS_EMBED_SWIFT_STANDARD_LIBRARIES = YES;
				CODE_SIGN_STYLE = Automatic;
				INFOPLIST_FILE = TipCalculatorUITests/Info.plist;
				LD_RUNPATH_SEARCH_PATHS = (
					"$(inherited)",
					"@executable_path/Frameworks",
					"@loader_path/Frameworks",
				);
				PRODUCT_BUNDLE_IDENTIFIER = "ivygdy-gmail.com.TipCalculatorUITests";
				PRODUCT_NAME = "$(TARGET_NAME)";
				SWIFT_VERSION = 5.0;
				TARGETED_DEVICE_FAMILY = "1,2";
				TEST_TARGET_NAME = TipCalculator;
			};
			name = Release;
		};
/* End XCBuildConfiguration section */

/* Begin XCConfigurationList section */
		CA8AC8462443FFF100868F8C /* Build configuration list for PBXProject "TipCalculator" */ = {
			isa = XCConfigurationList;
			buildConfigurations = (
				CA8AC8732443FFF600868F8C /* Debug */,
				CA8AC8742443FFF600868F8C /* Release */,
			);
			defaultConfigurationIsVisible = 0;
			defaultConfigurationName = Release;
		};
		CA8AC8752443FFF600868F8C /* Build configuration list for PBXNativeTarget "TipCalculator" */ = {
			isa = XCConfigurationList;
			buildConfigurations = (
				CA8AC8762443FFF600868F8C /* Debug */,
				CA8AC8772443FFF600868F8C /* Release */,
			);
			defaultConfigurationIsVisible = 0;
			defaultConfigurationName = Release;
		};
		CA8AC8782443FFF600868F8C /* Build configuration list for PBXNativeTarget "TipCalculatorTests" */ = {
			isa = XCConfigurationList;
			buildConfigurations = (
				CA8AC8792443FFF600868F8C /* Debug */,
				CA8AC87A2443FFF600868F8C /* Release */,
			);
			defaultConfigurationIsVisible = 0;
			defaultConfigurationName = Release;
		};
		CA8AC87B2443FFF600868F8C /* Build configuration list for PBXNativeTarget "TipCalculatorUITests" */ = {
			isa = XCConfigurationList;
			buildConfigurations = (
				CA8AC87C2443FFF600868F8C /* Debug */,
				CA8AC87D2443FFF600868F8C /* Release */,
			);
			defaultConfigurationIsVisible = 0;
			defaultConfigurationName = Release;
		};
/* End XCConfigurationList section */
	};
	rootObject = CA8AC8432443FFF100868F8C /* Project object */;
}
